
Microsoft Visual Studio Solution File, Format Version 12.00
# Visual Studio Version 17
VisualStudioVersion = 17.10.35013.160
MinimumVisualStudioVersion = 10.0.40219.1
Project("{FAE04EC0-301F-11D3-BF4B-00C04F79EFBC}") = "MedirTiempos", "MedirTiempos\MedirTiempos.csproj", "{DB1ED57C-14E3-43EB-B1AA-621206659D61}"
EndProject
Global
	GlobalSection(SolutionConfigurationPlatforms) = preSolution
		Debug|Any CPU = Debug|Any CPU
		Release|Any CPU = Release|Any CPU
	EndGlobalSection
	GlobalSection(ProjectConfigurationPlatforms) = postSolution
		{DB1ED57C-14E3-43EB-B1AA-621206659D61}.Debug|Any CPU.ActiveCfg = Debug|Any CPU
		{DB1ED57C-14E3-43EB-B1AA-621206659D61}.Debug|Any CPU.Build.0 = Debug|Any CPU
		{DB1ED57C-14E3-43EB-B1AA-621206659D61}.Release|Any CPU.ActiveCfg = Release|Any CPU
		{DB1ED57C-14E3-43EB-B1AA-621206659D61}.Release|Any CPU.Build.0 = Release|Any CPU
	EndGlobalSection
	GlobalSection(SolutionProperties) = preSolution
		HideSolutionNode = FALSE
	EndGlobalSection
	GlobalSection(ExtensibilityGlobals) = postSolution
		SolutionGuid = {F47F8E78-6389-40DB-B71B-1C73DBD5C293}
	EndGlobalSection
EndGlobal
