
Microsoft Visual Studio Solution File, Format Version 12.00
# Visual Studio Version 17
VisualStudioVersion = 17.11.34929.205
MinimumVisualStudioVersion = 10.0.40219.1
Project("{FAE04EC0-301F-11D3-BF4B-00C04F79EFBC}") = "Ejercicio1_AUTEN", "Ejercicio1_AUTEN.csproj", "{DCB7F60F-201D-444C-933D-8BFE918EB639}"
EndProject
Global
	GlobalSection(SolutionConfigurationPlatforms) = preSolution
		Debug|Any CPU = Debug|Any CPU
		Release|Any CPU = Release|Any CPU
	EndGlobalSection
	GlobalSection(ProjectConfigurationPlatforms) = postSolution
		{DCB7F60F-201D-444C-933D-8BFE918EB639}.Debug|Any CPU.ActiveCfg = Debug|Any CPU
		{DCB7F60F-201D-444C-933D-8BFE918EB639}.Debug|Any CPU.Build.0 = Debug|Any CPU
		{DCB7F60F-201D-444C-933D-8BFE918EB639}.Release|Any CPU.ActiveCfg = Release|Any CPU
		{DCB7F60F-201D-444C-933D-8BFE918EB639}.Release|Any CPU.Build.0 = Release|Any CPU
	EndGlobalSection
	GlobalSection(SolutionProperties) = preSolution
		HideSolutionNode = FALSE
	EndGlobalSection
	GlobalSection(ExtensibilityGlobals) = postSolution
		SolutionGuid = {5AACC0B6-2B93-4BD5-8442-A5EBCA9B1438}
	EndGlobalSection
EndGlobal
