
Microsoft Visual Studio Solution File, Format Version 12.00
# Visual Studio Version 17
VisualStudioVersion = 17.8.34309.116
MinimumVisualStudioVersion = 10.0.40219.1
Project("{FAE04EC0-301F-11D3-BF4B-00C04F79EFBC}") = "AUDITA", "AUDITA\AUDITA.csproj", "{9FD2780F-3AFC-4445-9795-690D391B09F6}"
EndProject
Project("{2150E333-8FDC-42A3-9474-1A3956D46DE8}") = "Elementos de la solución", "Elementos de la solución", "{9E6E0FE0-E0F9-4555-8E95-63D5F3D09CA4}"
EndProject
Global
	GlobalSection(SolutionConfigurationPlatforms) = preSolution
		Debug|Any CPU = Debug|Any CPU
		Release|Any CPU = Release|Any CPU
	EndGlobalSection
	GlobalSection(ProjectConfigurationPlatforms) = postSolution
		{9FD2780F-3AFC-4445-9795-690D391B09F6}.Debug|Any CPU.ActiveCfg = Debug|Any CPU
		{9FD2780F-3AFC-4445-9795-690D391B09F6}.Debug|Any CPU.Build.0 = Debug|Any CPU
		{9FD2780F-3AFC-4445-9795-690D391B09F6}.Release|Any CPU.ActiveCfg = Release|Any CPU
		{9FD2780F-3AFC-4445-9795-690D391B09F6}.Release|Any CPU.Build.0 = Release|Any CPU
	EndGlobalSection
	GlobalSection(SolutionProperties) = preSolution
		HideSolutionNode = FALSE
	EndGlobalSection
	GlobalSection(ExtensibilityGlobals) = postSolution
		SolutionGuid = {8A9D722F-5F81-4946-B7FC-A959A218D24C}
	EndGlobalSection
EndGlobal
