
Microsoft Visual Studio Solution File, Format Version 12.00
# Visual Studio Version 17
VisualStudioVersion = 17.11.34929.205
MinimumVisualStudioVersion = 10.0.40219.1
Project("{FAE04EC0-301F-11D3-BF4B-00C04F79EFBC}") = "Ejercicio1_AES", "Ejercicio1_AES.csproj", "{CE65394C-B194-47F0-8838-8449F4DE11B0}"
EndProject
Global
	GlobalSection(SolutionConfigurationPlatforms) = preSolution
		Debug|Any CPU = Debug|Any CPU
		Release|Any CPU = Release|Any CPU
	EndGlobalSection
	GlobalSection(ProjectConfigurationPlatforms) = postSolution
		{CE65394C-B194-47F0-8838-8449F4DE11B0}.Debug|Any CPU.ActiveCfg = Debug|Any CPU
		{CE65394C-B194-47F0-8838-8449F4DE11B0}.Debug|Any CPU.Build.0 = Debug|Any CPU
		{CE65394C-B194-47F0-8838-8449F4DE11B0}.Release|Any CPU.ActiveCfg = Release|Any CPU
		{CE65394C-B194-47F0-8838-8449F4DE11B0}.Release|Any CPU.Build.0 = Release|Any CPU
	EndGlobalSection
	GlobalSection(SolutionProperties) = preSolution
		HideSolutionNode = FALSE
	EndGlobalSection
	GlobalSection(ExtensibilityGlobals) = postSolution
		SolutionGuid = {94FE2D49-8B87-42F6-8527-18CFC968C104}
	EndGlobalSection
EndGlobal
