
Microsoft Visual Studio Solution File, Format Version 12.00
# Visual Studio Version 17
VisualStudioVersion = 17.11.35312.102
MinimumVisualStudioVersion = 10.0.40219.1
Project("{FAE04EC0-301F-11D3-BF4B-00C04F79EFBC}") = "RSAySHA", "RSAySHA.csproj", "{47D8632A-C404-4BA6-BDCB-3F525812FC6A}"
EndProject
Global
	GlobalSection(SolutionConfigurationPlatforms) = preSolution
		Debug|Any CPU = Debug|Any CPU
		Release|Any CPU = Release|Any CPU
	EndGlobalSection
	GlobalSection(ProjectConfigurationPlatforms) = postSolution
		{47D8632A-C404-4BA6-BDCB-3F525812FC6A}.Debug|Any CPU.ActiveCfg = Debug|Any CPU
		{47D8632A-C404-4BA6-BDCB-3F525812FC6A}.Debug|Any CPU.Build.0 = Debug|Any CPU
		{47D8632A-C404-4BA6-BDCB-3F525812FC6A}.Release|Any CPU.ActiveCfg = Release|Any CPU
		{47D8632A-C404-4BA6-BDCB-3F525812FC6A}.Release|Any CPU.Build.0 = Release|Any CPU
	EndGlobalSection
	GlobalSection(SolutionProperties) = preSolution
		HideSolutionNode = FALSE
	EndGlobalSection
	GlobalSection(ExtensibilityGlobals) = postSolution
		SolutionGuid = {BA30D136-0E27-41B5-B412-8FF947D073ED}
	EndGlobalSection
EndGlobal
