
Microsoft Visual Studio Solution File, Format Version 12.00
# Visual Studio Version 16
VisualStudioVersion = 16.0.29411.108
MinimumVisualStudioVersion = 10.0.40219.1
Project("{FAE04EC0-301F-11D3-BF4B-00C04F79EFBC}") = "practica5B_AddDeleteCerts", "practica5B_AddDeleteCerts\practica5B_AddDeleteCerts.csproj", "{F63DB301-BF67-4B17-83D0-4D223678A8D5}"
EndProject
Global
	GlobalSection(SolutionConfigurationPlatforms) = preSolution
		Debug|Any CPU = Debug|Any CPU
		Release|Any CPU = Release|Any CPU
	EndGlobalSection
	GlobalSection(ProjectConfigurationPlatforms) = postSolution
		{F63DB301-BF67-4B17-83D0-4D223678A8D5}.Debug|Any CPU.ActiveCfg = Debug|Any CPU
		{F63DB301-BF67-4B17-83D0-4D223678A8D5}.Debug|Any CPU.Build.0 = Debug|Any CPU
		{F63DB301-BF67-4B17-83D0-4D223678A8D5}.Release|Any CPU.ActiveCfg = Release|Any CPU
		{F63DB301-BF67-4B17-83D0-4D223678A8D5}.Release|Any CPU.Build.0 = Release|Any CPU
	EndGlobalSection
	GlobalSection(SolutionProperties) = preSolution
		HideSolutionNode = FALSE
	EndGlobalSection
	GlobalSection(ExtensibilityGlobals) = postSolution
		SolutionGuid = {B47680CE-74EB-4E75-AA76-746E1D8C4314}
	EndGlobalSection
EndGlobal
